
Microsoft Visual Studio Solution File, Format Version 12.00
# Visual Studio Version 17
VisualStudioVersion = 17.8.34525.116
MinimumVisualStudioVersion = 10.0.40219.1
Project("{FAE04EC0-301F-11D3-BF4B-00C04F79EFBC}") = "elsooragyak", "elsooragyak\elsooragyak.csproj", "{3C2BD247-EB29-4725-9B12-28F8F88C5A77}"
EndProject
Global
	GlobalSection(SolutionConfigurationPlatforms) = preSolution
		Debug|Any CPU = Debug|Any CPU
		Release|Any CPU = Release|Any CPU
	EndGlobalSection
	GlobalSection(ProjectConfigurationPlatforms) = postSolution
		{3C2BD247-EB29-4725-9B12-28F8F88C5A77}.Debug|Any CPU.ActiveCfg = Debug|Any CPU
		{3C2BD247-EB29-4725-9B12-28F8F88C5A77}.Debug|Any CPU.Build.0 = Debug|Any CPU
		{3C2BD247-EB29-4725-9B12-28F8F88C5A77}.Release|Any CPU.ActiveCfg = Release|Any CPU
		{3C2BD247-EB29-4725-9B12-28F8F88C5A77}.Release|Any CPU.Build.0 = Release|Any CPU
	EndGlobalSection
	GlobalSection(SolutionProperties) = preSolution
		HideSolutionNode = FALSE
	EndGlobalSection
	GlobalSection(ExtensibilityGlobals) = postSolution
		SolutionGuid = {EB9881C3-C86A-4932-9B5C-069AAC4A1069}
	EndGlobalSection
EndGlobal
